
Microsoft Visual Studio Solution File, Format Version 12.00
# Visual Studio Version 17
VisualStudioVersion = 17.4.32912.340
MinimumVisualStudioVersion = 10.0.40219.1
Project("{9A19103F-16F7-4668-BE54-9A1E7A4F7556}") = "jihadkhawaja.mobilechat.server", "jihadkhawaja.mobilechat.server\jihadkhawaja.mobilechat.server.csproj", "{997A62CF-163E-4F0A-8520-A01E0B93D830}"
EndProject
Global
	GlobalSection(SolutionConfigurationPlatforms) = preSolution
		Debug|Any CPU = Debug|Any CPU
		Release|Any CPU = Release|Any CPU
	EndGlobalSection
	GlobalSection(ProjectConfigurationPlatforms) = postSolution
		{997A62CF-163E-4F0A-8520-A01E0B93D830}.Debug|Any CPU.ActiveCfg = Debug|Any CPU
		{997A62CF-163E-4F0A-8520-A01E0B93D830}.Debug|Any CPU.Build.0 = Debug|Any CPU
		{997A62CF-163E-4F0A-8520-A01E0B93D830}.Release|Any CPU.ActiveCfg = Release|Any CPU
		{997A62CF-163E-4F0A-8520-A01E0B93D830}.Release|Any CPU.Build.0 = Release|Any CPU
	EndGlobalSection
	GlobalSection(SolutionProperties) = preSolution
		HideSolutionNode = FALSE
	EndGlobalSection
	GlobalSection(ExtensibilityGlobals) = postSolution
		SolutionGuid = {FB5D7FA2-FFE5-407A-A1B3-39EAEC4790EE}
	EndGlobalSection
EndGlobal
